
Microsoft Visual Studio Solution File, Format Version 12.00
# Visual Studio Version 16
VisualStudioVersion = 16.0.30406.217
MinimumVisualStudioVersion = 10.0.40219.1
Project("{FAE04EC0-301F-11D3-BF4B-00C04F79EFBC}") = "PappasPizza", "PappasPizza.csproj", "{EB935B57-67D3-4190-B021-55E43404ADC6}"
EndProject
Global
	GlobalSection(SolutionConfigurationPlatforms) = preSolution
		Debug|Any CPU = Debug|Any CPU
		Release|Any CPU = Release|Any CPU
	EndGlobalSection
	GlobalSection(ProjectConfigurationPlatforms) = postSolution
		{EB935B57-67D3-4190-B021-55E43404ADC6}.Debug|Any CPU.ActiveCfg = Debug|Any CPU
		{EB935B57-67D3-4190-B021-55E43404ADC6}.Debug|Any CPU.Build.0 = Debug|Any CPU
		{EB935B57-67D3-4190-B021-55E43404ADC6}.Release|Any CPU.ActiveCfg = Release|Any CPU
		{EB935B57-67D3-4190-B021-55E43404ADC6}.Release|Any CPU.Build.0 = Release|Any CPU
	EndGlobalSection
	GlobalSection(SolutionProperties) = preSolution
		HideSolutionNode = FALSE
	EndGlobalSection
	GlobalSection(ExtensibilityGlobals) = postSolution
		SolutionGuid = {DBC79DE9-25E8-493E-9CD9-2AB0F5CC12EB}
	EndGlobalSection
EndGlobal
