
Microsoft Visual Studio Solution File, Format Version 12.00
# Visual Studio Version 16
VisualStudioVersion = 16.0.30406.217
MinimumVisualStudioVersion = 10.0.40219.1
Project("{FAE04EC0-301F-11D3-BF4B-00C04F79EFBC}") = "ClassInheritanceExample", "ClassInheritanceExample.csproj", "{3B44714B-6F9D-42F1-AC48-710307C23EB8}"
EndProject
Global
	GlobalSection(SolutionConfigurationPlatforms) = preSolution
		Debug|Any CPU = Debug|Any CPU
		Release|Any CPU = Release|Any CPU
	EndGlobalSection
	GlobalSection(ProjectConfigurationPlatforms) = postSolution
		{3B44714B-6F9D-42F1-AC48-710307C23EB8}.Debug|Any CPU.ActiveCfg = Debug|Any CPU
		{3B44714B-6F9D-42F1-AC48-710307C23EB8}.Debug|Any CPU.Build.0 = Debug|Any CPU
		{3B44714B-6F9D-42F1-AC48-710307C23EB8}.Release|Any CPU.ActiveCfg = Release|Any CPU
		{3B44714B-6F9D-42F1-AC48-710307C23EB8}.Release|Any CPU.Build.0 = Release|Any CPU
	EndGlobalSection
	GlobalSection(SolutionProperties) = preSolution
		HideSolutionNode = FALSE
	EndGlobalSection
	GlobalSection(ExtensibilityGlobals) = postSolution
		SolutionGuid = {E3D73714-1E57-45E4-9805-B9E9019472B4}
	EndGlobalSection
EndGlobal
